
Microsoft Visual Studio Solution File, Format Version 12.00
# Visual Studio 2013
VisualStudioVersion = 12.0.30723.0
MinimumVisualStudioVersion = 10.0.40219.1
Project("{2150E333-8FDC-42A3-9474-1A3956D46DE8}") = "Libraries", "Libraries", "{246565A1-F140-4E42-B0EA-EF65C9387D22}"
EndProject
Project("{FAE04EC0-301F-11D3-BF4B-00C04F79EFBC}") = "SDLGlue", "Libraries\SDLGlue\SDLGlue.csproj", "{589ECBC2-CDFB-42AA-A9DF-35D804464711}"
EndProject
Project("{2150E333-8FDC-42A3-9474-1A3956D46DE8}") = "Tests", "Tests", "{F78C8A15-7646-4BE5-9EF4-0DF764892006}"
EndProject
Project("{2150E333-8FDC-42A3-9474-1A3956D46DE8}") = "UI", "UI", "{1ACD5CDC-562E-45B4-8207-3E25A100A075}"
EndProject
Project("{2150E333-8FDC-42A3-9474-1A3956D46DE8}") = "WPF", "WPF", "{E18EBCD1-A311-4E51-A799-DDFF8ECDEB4D}"
EndProject
Project("{FAE04EC0-301F-11D3-BF4B-00C04F79EFBC}") = "UI.WPF.Launcher.Common", "UI\WPF\UI.WPF.Launcher.Common\UI.WPF.Launcher.Common.csproj", "{ECBE6F2B-423C-47BC-AA36-26CD3B5E8F81}"
EndProject
Project("{2150E333-8FDC-42A3-9474-1A3956D46DE8}") = "Modules", "Modules", "{8B2856F4-0E20-4248-861D-FD9D7EC6BEB8}"
EndProject
Project("{FAE04EC0-301F-11D3-BF4B-00C04F79EFBC}") = "UI.WPF.Modules.General", "UI\WPF\Modules\UI.WPF.Modules.General\UI.WPF.Modules.General.csproj", "{D0016795-D527-418F-8CDD-3B93A0DD6ADD}"
EndProject
Project("{FAE04EC0-301F-11D3-BF4B-00C04F79EFBC}") = "FSOManagement", "Libraries\FSOManagement\FSOManagement.csproj", "{73342923-20EE-4F2C-B9AB-9A03341F782A}"
EndProject
Project("{FAE04EC0-301F-11D3-BF4B-00C04F79EFBC}") = "FSOManagement.Tests", "Tests\FSOManagement.Tests\FSOManagement.Tests.csproj", "{C088AEF3-AD61-4C65-B8E8-9E090D600EF8}"
EndProject
Project("{FAE04EC0-301F-11D3-BF4B-00C04F79EFBC}") = "UI.WPF.Modules.Implementations", "UI\WPF\Modules\UI.WPF.Modules.Implementations\UI.WPF.Modules.Implementations.csproj", "{53F7EA48-F66A-4E2C-AAFD-8E4764B8DB06}"
EndProject
Project("{FAE04EC0-301F-11D3-BF4B-00C04F79EFBC}") = "FSOLauncher", "UI\WPF\UI.WPF.Launcher\FSOLauncher.csproj", "{C00B968C-A0AD-44D0-ADD5-34C4DC37F062}"
EndProject
Project("{FAE04EC0-301F-11D3-BF4B-00C04F79EFBC}") = "UI.WPF.Modules.General.Tests", "Tests\UI.WPF.Modules.General.Tests\UI.WPF.Modules.General.Tests.csproj", "{800AC9F7-32FF-4A9E-A3BA-C2768583713D}"
EndProject
Project("{FAE04EC0-301F-11D3-BF4B-00C04F79EFBC}") = "UI.WPF.Modules.Advanced", "UI\WPF\Modules\UI.WPF.Modules.Advanced\UI.WPF.Modules.Advanced.csproj", "{7636EC3E-D47C-435C-AA51-F8981727A82E}"
EndProject
Project("{FAE04EC0-301F-11D3-BF4B-00C04F79EFBC}") = "UI.WPF.Modules.Advanced.Tests", "Tests\UI.WPF.Modules.Advanced.Tests\UI.WPF.Modules.Advanced.Tests.csproj", "{DADDDCA5-724D-4907-8F32-9C3FABEAFA09}"
EndProject
Project("{FAE04EC0-301F-11D3-BF4B-00C04F79EFBC}") = "UI.WPF.Modules.Mods", "UI\WPF\Modules\UI.WPF.Modules.Mods\UI.WPF.Modules.Mods.csproj", "{638DA46F-90D8-43FD-8090-2AF8598D53DB}"
EndProject
Project("{FAE04EC0-301F-11D3-BF4B-00C04F79EFBC}") = "UI.WPF.Modules.Update", "UI\WPF\Modules\UI.WPF.Modules.Update\UI.WPF.Modules.Update.csproj", "{85DDB6E7-BF9F-447C-8BB9-60081222A130}"
EndProject
Project("{FAE04EC0-301F-11D3-BF4B-00C04F79EFBC}") = "UI.WPF.Modules.Update.Tests", "Tests\UI.WPF.Modules.Update.Tests\UI.WPF.Modules.Update.Tests.csproj", "{73CFB5E1-7B58-4E35-837D-4AC38E0E67E9}"
EndProject
Global
	GlobalSection(SolutionConfigurationPlatforms) = preSolution
		Debug|Any CPU = Debug|Any CPU
		Release|Any CPU = Release|Any CPU
	EndGlobalSection
	GlobalSection(ProjectConfigurationPlatforms) = postSolution
		{589ECBC2-CDFB-42AA-A9DF-35D804464711}.Debug|Any CPU.ActiveCfg = Debug|Any CPU
		{589ECBC2-CDFB-42AA-A9DF-35D804464711}.Debug|Any CPU.Build.0 = Debug|Any CPU
		{589ECBC2-CDFB-42AA-A9DF-35D804464711}.Release|Any CPU.ActiveCfg = Release|Any CPU
		{589ECBC2-CDFB-42AA-A9DF-35D804464711}.Release|Any CPU.Build.0 = Release|Any CPU
		{ECBE6F2B-423C-47BC-AA36-26CD3B5E8F81}.Debug|Any CPU.ActiveCfg = Debug|Any CPU
		{ECBE6F2B-423C-47BC-AA36-26CD3B5E8F81}.Debug|Any CPU.Build.0 = Debug|Any CPU
		{ECBE6F2B-423C-47BC-AA36-26CD3B5E8F81}.Release|Any CPU.ActiveCfg = Release|Any CPU
		{ECBE6F2B-423C-47BC-AA36-26CD3B5E8F81}.Release|Any CPU.Build.0 = Release|Any CPU
		{D0016795-D527-418F-8CDD-3B93A0DD6ADD}.Debug|Any CPU.ActiveCfg = Debug|Any CPU
		{D0016795-D527-418F-8CDD-3B93A0DD6ADD}.Debug|Any CPU.Build.0 = Debug|Any CPU
		{D0016795-D527-418F-8CDD-3B93A0DD6ADD}.Release|Any CPU.ActiveCfg = Release|Any CPU
		{D0016795-D527-418F-8CDD-3B93A0DD6ADD}.Release|Any CPU.Build.0 = Release|Any CPU
		{73342923-20EE-4F2C-B9AB-9A03341F782A}.Debug|Any CPU.ActiveCfg = Debug|Any CPU
		{73342923-20EE-4F2C-B9AB-9A03341F782A}.Debug|Any CPU.Build.0 = Debug|Any CPU
		{73342923-20EE-4F2C-B9AB-9A03341F782A}.Release|Any CPU.ActiveCfg = Release|Any CPU
		{73342923-20EE-4F2C-B9AB-9A03341F782A}.Release|Any CPU.Build.0 = Release|Any CPU
		{C088AEF3-AD61-4C65-B8E8-9E090D600EF8}.Debug|Any CPU.ActiveCfg = Debug|Any CPU
		{C088AEF3-AD61-4C65-B8E8-9E090D600EF8}.Debug|Any CPU.Build.0 = Debug|Any CPU
		{C088AEF3-AD61-4C65-B8E8-9E090D600EF8}.Release|Any CPU.ActiveCfg = Release|Any CPU
		{C088AEF3-AD61-4C65-B8E8-9E090D600EF8}.Release|Any CPU.Build.0 = Release|Any CPU
		{53F7EA48-F66A-4E2C-AAFD-8E4764B8DB06}.Debug|Any CPU.ActiveCfg = Debug|Any CPU
		{53F7EA48-F66A-4E2C-AAFD-8E4764B8DB06}.Debug|Any CPU.Build.0 = Debug|Any CPU
		{53F7EA48-F66A-4E2C-AAFD-8E4764B8DB06}.Release|Any CPU.ActiveCfg = Release|Any CPU
		{53F7EA48-F66A-4E2C-AAFD-8E4764B8DB06}.Release|Any CPU.Build.0 = Release|Any CPU
		{C00B968C-A0AD-44D0-ADD5-34C4DC37F062}.Debug|Any CPU.ActiveCfg = Debug|Any CPU
		{C00B968C-A0AD-44D0-ADD5-34C4DC37F062}.Debug|Any CPU.Build.0 = Debug|Any CPU
		{C00B968C-A0AD-44D0-ADD5-34C4DC37F062}.Release|Any CPU.ActiveCfg = Release|Any CPU
		{C00B968C-A0AD-44D0-ADD5-34C4DC37F062}.Release|Any CPU.Build.0 = Release|Any CPU
		{800AC9F7-32FF-4A9E-A3BA-C2768583713D}.Debug|Any CPU.ActiveCfg = Debug|Any CPU
		{800AC9F7-32FF-4A9E-A3BA-C2768583713D}.Debug|Any CPU.Build.0 = Debug|Any CPU
		{800AC9F7-32FF-4A9E-A3BA-C2768583713D}.Release|Any CPU.ActiveCfg = Release|Any CPU
		{800AC9F7-32FF-4A9E-A3BA-C2768583713D}.Release|Any CPU.Build.0 = Release|Any CPU
		{7636EC3E-D47C-435C-AA51-F8981727A82E}.Debug|Any CPU.ActiveCfg = Debug|Any CPU
		{7636EC3E-D47C-435C-AA51-F8981727A82E}.Debug|Any CPU.Build.0 = Debug|Any CPU
		{7636EC3E-D47C-435C-AA51-F8981727A82E}.Release|Any CPU.ActiveCfg = Release|Any CPU
		{7636EC3E-D47C-435C-AA51-F8981727A82E}.Release|Any CPU.Build.0 = Release|Any CPU
		{DADDDCA5-724D-4907-8F32-9C3FABEAFA09}.Debug|Any CPU.ActiveCfg = Debug|Any CPU
		{DADDDCA5-724D-4907-8F32-9C3FABEAFA09}.Debug|Any CPU.Build.0 = Debug|Any CPU
		{DADDDCA5-724D-4907-8F32-9C3FABEAFA09}.Release|Any CPU.ActiveCfg = Release|Any CPU
		{DADDDCA5-724D-4907-8F32-9C3FABEAFA09}.Release|Any CPU.Build.0 = Release|Any CPU
		{638DA46F-90D8-43FD-8090-2AF8598D53DB}.Debug|Any CPU.ActiveCfg = Debug|Any CPU
		{638DA46F-90D8-43FD-8090-2AF8598D53DB}.Debug|Any CPU.Build.0 = Debug|Any CPU
		{638DA46F-90D8-43FD-8090-2AF8598D53DB}.Release|Any CPU.ActiveCfg = Release|Any CPU
		{638DA46F-90D8-43FD-8090-2AF8598D53DB}.Release|Any CPU.Build.0 = Release|Any CPU
		{85DDB6E7-BF9F-447C-8BB9-60081222A130}.Debug|Any CPU.ActiveCfg = Debug|Any CPU
		{85DDB6E7-BF9F-447C-8BB9-60081222A130}.Debug|Any CPU.Build.0 = Debug|Any CPU
		{85DDB6E7-BF9F-447C-8BB9-60081222A130}.Release|Any CPU.ActiveCfg = Release|Any CPU
		{85DDB6E7-BF9F-447C-8BB9-60081222A130}.Release|Any CPU.Build.0 = Release|Any CPU
		{73CFB5E1-7B58-4E35-837D-4AC38E0E67E9}.Debug|Any CPU.ActiveCfg = Debug|Any CPU
		{73CFB5E1-7B58-4E35-837D-4AC38E0E67E9}.Debug|Any CPU.Build.0 = Debug|Any CPU
		{73CFB5E1-7B58-4E35-837D-4AC38E0E67E9}.Release|Any CPU.ActiveCfg = Release|Any CPU
		{73CFB5E1-7B58-4E35-837D-4AC38E0E67E9}.Release|Any CPU.Build.0 = Release|Any CPU
	EndGlobalSection
	GlobalSection(SolutionProperties) = preSolution
		HideSolutionNode = FALSE
	EndGlobalSection
	GlobalSection(NestedProjects) = preSolution
		{589ECBC2-CDFB-42AA-A9DF-35D804464711} = {246565A1-F140-4E42-B0EA-EF65C9387D22}
		{E18EBCD1-A311-4E51-A799-DDFF8ECDEB4D} = {1ACD5CDC-562E-45B4-8207-3E25A100A075}
		{ECBE6F2B-423C-47BC-AA36-26CD3B5E8F81} = {E18EBCD1-A311-4E51-A799-DDFF8ECDEB4D}
		{8B2856F4-0E20-4248-861D-FD9D7EC6BEB8} = {E18EBCD1-A311-4E51-A799-DDFF8ECDEB4D}
		{D0016795-D527-418F-8CDD-3B93A0DD6ADD} = {8B2856F4-0E20-4248-861D-FD9D7EC6BEB8}
		{73342923-20EE-4F2C-B9AB-9A03341F782A} = {246565A1-F140-4E42-B0EA-EF65C9387D22}
		{C088AEF3-AD61-4C65-B8E8-9E090D600EF8} = {F78C8A15-7646-4BE5-9EF4-0DF764892006}
		{53F7EA48-F66A-4E2C-AAFD-8E4764B8DB06} = {8B2856F4-0E20-4248-861D-FD9D7EC6BEB8}
		{C00B968C-A0AD-44D0-ADD5-34C4DC37F062} = {E18EBCD1-A311-4E51-A799-DDFF8ECDEB4D}
		{800AC9F7-32FF-4A9E-A3BA-C2768583713D} = {F78C8A15-7646-4BE5-9EF4-0DF764892006}
		{7636EC3E-D47C-435C-AA51-F8981727A82E} = {8B2856F4-0E20-4248-861D-FD9D7EC6BEB8}
		{DADDDCA5-724D-4907-8F32-9C3FABEAFA09} = {F78C8A15-7646-4BE5-9EF4-0DF764892006}
		{638DA46F-90D8-43FD-8090-2AF8598D53DB} = {8B2856F4-0E20-4248-861D-FD9D7EC6BEB8}
		{85DDB6E7-BF9F-447C-8BB9-60081222A130} = {8B2856F4-0E20-4248-861D-FD9D7EC6BEB8}
		{73CFB5E1-7B58-4E35-837D-4AC38E0E67E9} = {F78C8A15-7646-4BE5-9EF4-0DF764892006}
	EndGlobalSection
EndGlobal
